// !$*UTF8*$!
{
	archiveVersion = 1;
	classes = {
	};
	objectVersion = 77;
	objects = {

/* Begin PBXContainerItemProxy section */
		C2ECCEE32CB4358400526B0D /* PBXContainerItemProxy */ = {
			isa = PBXContainerItemProxy;
			containerPortal = C2ECCECA2CB4358300526B0D /* Project object */;
			proxyType = 1;
			remoteGlobalIDString = C2ECCED12CB4358300526B0D;
			remoteInfo = birthdaysIOS;
		};
		C2ECCEED2CB4358400526B0D /* PBXContainerItemProxy */ = {
			isa = PBXContainerItemProxy;
			containerPortal = C2ECCECA2CB4358300526B0D /* Project object */;
			proxyType = 1;
			remoteGlobalIDString = C2ECCED12CB4358300526B0D;
			remoteInfo = birthdaysIOS;
		};
/* End PBXContainerItemProxy section */

/* Begin PBXFileReference section */
		C2ECCED22CB4358300526B0D /* birthdaysIOS.app */ = {isa = PBXFileReference; explicitFileType = wrapper.application; includeInIndex = 0; path = birthdaysIOS.app; sourceTree = BUILT_PRODUCTS_DIR; };
		C2ECCEE22CB4358400526B0D /* birthdaysIOSTests.xctest */ = {isa = PBXFileReference; explicitFileType = wrapper.cfbundle; includeInIndex = 0; path = birthdaysIOSTests.xctest; sourceTree = BUILT_PRODUCTS_DIR; };
		C2ECCEEC2CB4358400526B0D /* birthdaysIOSUITests.xctest */ = {isa = PBXFileReference; explicitFileType = wrapper.cfbundle; includeInIndex = 0; path = birthdaysIOSUITests.xctest; sourceTree = BUILT_PRODUCTS_DIR; };
/* End PBXFileReference section */

/* Begin PBXFileSystemSynchronizedRootGroup section */
		C2ECCED42CB4358300526B0D /* birthdaysIOS */ = {
			isa = PBXFileSystemSynchronizedRootGroup;
			path = birthdaysIOS;
			sourceTree = "<group>";
		};
		C2ECCEE52CB4358400526B0D /* birthdaysIOSTests */ = {
			isa = PBXFileSystemSynchronizedRootGroup;
			path = birthdaysIOSTests;
			sourceTree = "<group>";
		};
		C2ECCEEF2CB4358400526B0D /* birthdaysIOSUITests */ = {
			isa = PBXFileSystemSynchronizedRootGroup;
			path = birthdaysIOSUITests;
			sourceTree = "<group>";
		};
/* End PBXFileSystemSynchronizedRootGroup section */

/* Begin PBXFrameworksBuildPhase section */
		C2ECCECF2CB4358300526B0D /* Frameworks */ = {
			isa = PBXFrameworksBuildPhase;
			buildActionMask = 2147483647;
			files = (
			);
			runOnlyForDeploymentPostprocessing = 0;
		};
		C2ECCEDF2CB4358400526B0D /* Frameworks */ = {
			isa = PBXFrameworksBuildPhase;
			buildActionMask = 2147483647;
			files = (
			);
			runOnlyForDeploymentPostprocessing = 0;
		};
		C2ECCEE92CB4358400526B0D /* Frameworks */ = {
			isa = PBXFrameworksBuildPhase;
			buildActionMask = 2147483647;
			files = (
			);
			runOnlyForDeploymentPostprocessing = 0;
		};
/* End PBXFrameworksBuildPhase section */

/* Begin PBXGroup section */
		C2ECCEC92CB4358300526B0D = {
			isa = PBXGroup;
			children = (
				C2ECCED42CB4358300526B0D /* birthdaysIOS */,
				C2ECCEE52CB4358400526B0D /* birthdaysIOSTests */,
				C2ECCEEF2CB4358400526B0D /* birthdaysIOSUITests */,
				C2ECCED32CB4358300526B0D /* Products */,
			);
			sourceTree = "<group>";
		};
		C2ECCED32CB4358300526B0D /* Products */ = {
			isa = PBXGroup;
			children = (
				C2ECCED22CB4358300526B0D /* birthdaysIOS.app */,
				C2ECCEE22CB4358400526B0D /* birthdaysIOSTests.xctest */,
				C2ECCEEC2CB4358400526B0D /* birthdaysIOSUITests.xctest */,
			);
			name = Products;
			sourceTree = "<group>";
		};
/* End PBXGroup section */

/* Begin PBXNativeTarget section */
		C2ECCED12CB4358300526B0D /* birthdaysIOS */ = {
			isa = PBXNativeTarget;
			buildConfigurationList = C2ECCEF62CB4358400526B0D /* Build configuration list for PBXNativeTarget "birthdaysIOS" */;
			buildPhases = (
				C2ECCEFF2CB4361000526B0D /* ShellScript */,
				C2ECCECE2CB4358300526B0D /* Sources */,
				C2ECCECF2CB4358300526B0D /* Frameworks */,
				C2ECCED02CB4358300526B0D /* Resources */,
			);
			buildRules = (
			);
			dependencies = (
			);
			fileSystemSynchronizedGroups = (
				C2ECCED42CB4358300526B0D /* birthdaysIOS */,
			);
			name = birthdaysIOS;
			packageProductDependencies = (
			);
			productName = birthdaysIOS;
			productReference = C2ECCED22CB4358300526B0D /* birthdaysIOS.app */;
			productType = "com.apple.product-type.application";
		};
		C2ECCEE12CB4358400526B0D /* birthdaysIOSTests */ = {
			isa = PBXNativeTarget;
			buildConfigurationList = C2ECCEF92CB4358400526B0D /* Build configuration list for PBXNativeTarget "birthdaysIOSTests" */;
			buildPhases = (
				C2ECCEDE2CB4358400526B0D /* Sources */,
				C2ECCEDF2CB4358400526B0D /* Frameworks */,
				C2ECCEE02CB4358400526B0D /* Resources */,
			);
			buildRules = (
			);
			dependencies = (
				C2ECCEE42CB4358400526B0D /* PBXTargetDependency */,
			);
			fileSystemSynchronizedGroups = (
				C2ECCEE52CB4358400526B0D /* birthdaysIOSTests */,
			);
			name = birthdaysIOSTests;
			packageProductDependencies = (
			);
			productName = birthdaysIOSTests;
			productReference = C2ECCEE22CB4358400526B0D /* birthdaysIOSTests.xctest */;
			productType = "com.apple.product-type.bundle.unit-test";
		};
		C2ECCEEB2CB4358400526B0D /* birthdaysIOSUITests */ = {
			isa = PBXNativeTarget;
			buildConfigurationList = C2ECCEFC2CB4358400526B0D /* Build configuration list for PBXNativeTarget "birthdaysIOSUITests" */;
			buildPhases = (
				C2ECCEE82CB4358400526B0D /* Sources */,
				C2ECCEE92CB4358400526B0D /* Frameworks */,
				C2ECCEEA2CB4358400526B0D /* Resources */,
			);
			buildRules = (
			);
			dependencies = (
				C2ECCEEE2CB4358400526B0D /* PBXTargetDependency */,
			);
			fileSystemSynchronizedGroups = (
				C2ECCEEF2CB4358400526B0D /* birthdaysIOSUITests */,
			);
			name = birthdaysIOSUITests;
			packageProductDependencies = (
			);
			productName = birthdaysIOSUITests;
			productReference = C2ECCEEC2CB4358400526B0D /* birthdaysIOSUITests.xctest */;
			productType = "com.apple.product-type.bundle.ui-testing";
		};
/* End PBXNativeTarget section */

/* Begin PBXProject section */
		C2ECCECA2CB4358300526B0D /* Project object */ = {
			isa = PBXProject;
			attributes = {
				BuildIndependentTargetsInParallel = 1;
				LastSwiftUpdateCheck = 1600;
				LastUpgradeCheck = 1600;
				TargetAttributes = {
					C2ECCED12CB4358300526B0D = {
						CreatedOnToolsVersion = 16.0;
					};
					C2ECCEE12CB4358400526B0D = {
						CreatedOnToolsVersion = 16.0;
						TestTargetID = C2ECCED12CB4358300526B0D;
					};
					C2ECCEEB2CB4358400526B0D = {
						CreatedOnToolsVersion = 16.0;
						TestTargetID = C2ECCED12CB4358300526B0D;
					};
				};
			};
			buildConfigurationList = C2ECCECD2CB4358300526B0D /* Build configuration list for PBXProject "birthdaysIOS" */;
			developmentRegion = en;
			hasScannedForEncodings = 0;
			knownRegions = (
				en,
				Base,
			);
			mainGroup = C2ECCEC92CB4358300526B0D;
			minimizedProjectReferenceProxies = 1;
			preferredProjectObjectVersion = 77;
			productRefGroup = C2ECCED32CB4358300526B0D /* Products */;
			projectDirPath = "";
			projectRoot = "";
			targets = (
				C2ECCED12CB4358300526B0D /* birthdaysIOS */,
				C2ECCEE12CB4358400526B0D /* birthdaysIOSTests */,
				C2ECCEEB2CB4358400526B0D /* birthdaysIOSUITests */,
			);
		};
/* End PBXProject section */

/* Begin PBXResourcesBuildPhase section */
		C2ECCED02CB4358300526B0D /* Resources */ = {
			isa = PBXResourcesBuildPhase;
			buildActionMask = 2147483647;
			files = (
			);
			runOnlyForDeploymentPostprocessing = 0;
		};
		C2ECCEE02CB4358400526B0D /* Resources */ = {
			isa = PBXResourcesBuildPhase;
			buildActionMask = 2147483647;
			files = (
			);
			runOnlyForDeploymentPostprocessing = 0;
		};
		C2ECCEEA2CB4358400526B0D /* Resources */ = {
			isa = PBXResourcesBuildPhase;
			buildActionMask = 2147483647;
			files = (
			);
			runOnlyForDeploymentPostprocessing = 0;
		};
/* End PBXResourcesBuildPhase section */

/* Begin PBXShellScriptBuildPhase section */
		C2ECCEFF2CB4361000526B0D /* ShellScript */ = {
			isa = PBXShellScriptBuildPhase;
			buildActionMask = 2147483647;
			files = (
			);
			inputFileListPaths = (
			);
			inputPaths = (
			);
			outputFileListPaths = (
			);
			outputPaths = (
			);
			runOnlyForDeploymentPostprocessing = 0;
			shellPath = /bin/sh;
			shellScript = "cd \"$SRCROOT/..\"\n./gradlew :shared:embedAndSignAppleFrameworkForXcode\n";
		};
/* End PBXShellScriptBuildPhase section */

/* Begin PBXSourcesBuildPhase section */
		C2ECCECE2CB4358300526B0D /* Sources */ = {
			isa = PBXSourcesBuildPhase;
			buildActionMask = 2147483647;
			files = (
			);
			runOnlyForDeploymentPostprocessing = 0;
		};
		C2ECCEDE2CB4358400526B0D /* Sources */ = {
			isa = PBXSourcesBuildPhase;
			buildActionMask = 2147483647;
			files = (
			);
			runOnlyForDeploymentPostprocessing = 0;
		};
		C2ECCEE82CB4358400526B0D /* Sources */ = {
			isa = PBXSourcesBuildPhase;
			buildActionMask = 2147483647;
			files = (
			);
			runOnlyForDeploymentPostprocessing = 0;
		};
/* End PBXSourcesBuildPhase section */

/* Begin PBXTargetDependency section */
		C2ECCEE42CB4358400526B0D /* PBXTargetDependency */ = {
			isa = PBXTargetDependency;
			target = C2ECCED12CB4358300526B0D /* birthdaysIOS */;
			targetProxy = C2ECCEE32CB4358400526B0D /* PBXContainerItemProxy */;
		};
		C2ECCEEE2CB4358400526B0D /* PBXTargetDependency */ = {
			isa = PBXTargetDependency;
			target = C2ECCED12CB4358300526B0D /* birthdaysIOS */;
			targetProxy = C2ECCEED2CB4358400526B0D /* PBXContainerItemProxy */;
		};
/* End PBXTargetDependency section */

/* Begin XCBuildConfiguration section */
		C2ECCEF42CB4358400526B0D /* Debug */ = {
			isa = XCBuildConfiguration;
			buildSettings = {
				ALWAYS_SEARCH_USER_PATHS = NO;
				ASSETCATALOG_COMPILER_GENERATE_SWIFT_ASSET_SYMBOL_EXTENSIONS = YES;
				CLANG_ANALYZER_NONNULL = YES;
				CLANG_ANALYZER_NUMBER_OBJECT_CONVERSION = YES_AGGRESSIVE;
				CLANG_CXX_LANGUAGE_STANDARD = "gnu++20";
				CLANG_ENABLE_MODULES = YES;
				CLANG_ENABLE_OBJC_ARC = YES;
				CLANG_ENABLE_OBJC_WEAK = YES;
				CLANG_WARN_BLOCK_CAPTURE_AUTORELEASING = YES;
				CLANG_WARN_BOOL_CONVERSION = YES;
				CLANG_WARN_COMMA = YES;
				CLANG_WARN_CONSTANT_CONVERSION = YES;
				CLANG_WARN_DEPRECATED_OBJC_IMPLEMENTATIONS = YES;
				CLANG_WARN_DIRECT_OBJC_ISA_USAGE = YES_ERROR;
				CLANG_WARN_DOCUMENTATION_COMMENTS = YES;
				CLANG_WARN_EMPTY_BODY = YES;
				CLANG_WARN_ENUM_CONVERSION = YES;
				CLANG_WARN_INFINITE_RECURSION = YES;
				CLANG_WARN_INT_CONVERSION = YES;
				CLANG_WARN_NON_LITERAL_NULL_CONVERSION = YES;
				CLANG_WARN_OBJC_IMPLICIT_RETAIN_SELF = YES;
				CLANG_WARN_OBJC_LITERAL_CONVERSION = YES;
				CLANG_WARN_OBJC_ROOT_CLASS = YES_ERROR;
				CLANG_WARN_QUOTED_INCLUDE_IN_FRAMEWORK_HEADER = YES;
				CLANG_WARN_RANGE_LOOP_ANALYSIS = YES;
				CLANG_WARN_STRICT_PROTOTYPES = YES;
				CLANG_WARN_SUSPICIOUS_MOVE = YES;
				CLANG_WARN_UNGUARDED_AVAILABILITY = YES_AGGRESSIVE;
				CLANG_WARN_UNREACHABLE_CODE = YES;
				CLANG_WARN__DUPLICATE_METHOD_MATCH = YES;
				COPY_PHASE_STRIP = NO;
				DEBUG_INFORMATION_FORMAT = dwarf;
				ENABLE_STRICT_OBJC_MSGSEND = YES;
				ENABLE_TESTABILITY = YES;
				ENABLE_USER_SCRIPT_SANDBOXING = NO;
				GCC_C_LANGUAGE_STANDARD = gnu17;
				GCC_DYNAMIC_NO_PIC = NO;
				GCC_NO_COMMON_BLOCKS = YES;
				GCC_OPTIMIZATION_LEVEL = 0;
				GCC_PREPROCESSOR_DEFINITIONS = (
					"DEBUG=1",
					"$(inherited)",
				);
				GCC_WARN_64_TO_32_BIT_CONVERSION = YES;
				GCC_WARN_ABOUT_RETURN_TYPE = YES_ERROR;
				GCC_WARN_UNDECLARED_SELECTOR = YES;
				GCC_WARN_UNINITIALIZED_AUTOS = YES_AGGRESSIVE;
				GCC_WARN_UNUSED_FUNCTION = YES;
				GCC_WARN_UNUSED_VARIABLE = YES;
				IPHONEOS_DEPLOYMENT_TARGET = 18.0;
				LOCALIZATION_PREFERS_STRING_CATALOGS = YES;
				MTL_ENABLE_DEBUG_INFO = INCLUDE_SOURCE;
				MTL_FAST_MATH = YES;
				ONLY_ACTIVE_ARCH = YES;
				SDKROOT = iphoneos;
				SWIFT_ACTIVE_COMPILATION_CONDITIONS = "DEBUG $(inherited)";
				SWIFT_OPTIMIZATION_LEVEL = "-Onone";
			};
			name = Debug;
		};
		C2ECCEF52CB4358400526B0D /* Release */ = {
			isa = XCBuildConfiguration;
			buildSettings = {
				ALWAYS_SEARCH_USER_PATHS = NO;
				ASSETCATALOG_COMPILER_GENERATE_SWIFT_ASSET_SYMBOL_EXTENSIONS = YES;
				CLANG_ANALYZER_NONNULL = YES;
				CLANG_ANALYZER_NUMBER_OBJECT_CONVERSION = YES_AGGRESSIVE;
				CLANG_CXX_LANGUAGE_STANDARD = "gnu++20";
				CLANG_ENABLE_MODULES = YES;
				CLANG_ENABLE_OBJC_ARC = YES;
				CLANG_ENABLE_OBJC_WEAK = YES;
				CLANG_WARN_BLOCK_CAPTURE_AUTORELEASING = YES;
				CLANG_WARN_BOOL_CONVERSION = YES;
				CLANG_WARN_COMMA = YES;
				CLANG_WARN_CONSTANT_CONVERSION = YES;
				CLANG_WARN_DEPRECATED_OBJC_IMPLEMENTATIONS = YES;
				CLANG_WARN_DIRECT_OBJC_ISA_USAGE = YES_ERROR;
				CLANG_WARN_DOCUMENTATION_COMMENTS = YES;
				CLANG_WARN_EMPTY_BODY = YES;
				CLANG_WARN_ENUM_CONVERSION = YES;
				CLANG_WARN_INFINITE_RECURSION = YES;
				CLANG_WARN_INT_CONVERSION = YES;
				CLANG_WARN_NON_LITERAL_NULL_CONVERSION = YES;
				CLANG_WARN_OBJC_IMPLICIT_RETAIN_SELF = YES;
				CLANG_WARN_OBJC_LITERAL_CONVERSION = YES;
				CLANG_WARN_OBJC_ROOT_CLASS = YES_ERROR;
				CLANG_WARN_QUOTED_INCLUDE_IN_FRAMEWORK_HEADER = YES;
				CLANG_WARN_RANGE_LOOP_ANALYSIS = YES;
				CLANG_WARN_STRICT_PROTOTYPES = YES;
				CLANG_WARN_SUSPICIOUS_MOVE = YES;
				CLANG_WARN_UNGUARDED_AVAILABILITY = YES_AGGRESSIVE;
				CLANG_WARN_UNREACHABLE_CODE = YES;
				CLANG_WARN__DUPLICATE_METHOD_MATCH = YES;
				COPY_PHASE_STRIP = NO;
				DEBUG_INFORMATION_FORMAT = "dwarf-with-dsym";
				ENABLE_NS_ASSERTIONS = NO;
				ENABLE_STRICT_OBJC_MSGSEND = YES;
				ENABLE_USER_SCRIPT_SANDBOXING = NO;
				GCC_C_LANGUAGE_STANDARD = gnu17;
				GCC_NO_COMMON_BLOCKS = YES;
				GCC_WARN_64_TO_32_BIT_CONVERSION = YES;
				GCC_WARN_ABOUT_RETURN_TYPE = YES_ERROR;
				GCC_WARN_UNDECLARED_SELECTOR = YES;
				GCC_WARN_UNINITIALIZED_AUTOS = YES_AGGRESSIVE;
				GCC_WARN_UNUSED_FUNCTION = YES;
				GCC_WARN_UNUSED_VARIABLE = YES;
				IPHONEOS_DEPLOYMENT_TARGET = 18.0;
				LOCALIZATION_PREFERS_STRING_CATALOGS = YES;
				MTL_ENABLE_DEBUG_INFO = NO;
				MTL_FAST_MATH = YES;
				SDKROOT = iphoneos;
				SWIFT_COMPILATION_MODE = wholemodule;
				VALIDATE_PRODUCT = YES;
			};
			name = Release;
		};
		C2ECCEF72CB4358400526B0D /* Debug */ = {
			isa = XCBuildConfiguration;
			buildSettings = {
				ASSETCATALOG_COMPILER_APPICON_NAME = AppIcon;
				ASSETCATALOG_COMPILER_GLOBAL_ACCENT_COLOR_NAME = AccentColor;
				CODE_SIGN_STYLE = Manual;
				CURRENT_PROJECT_VERSION = 1;
				DEVELOPMENT_ASSET_PATHS = "\"birthdaysIOS/Preview Content\"";
				DEVELOPMENT_TEAM = "";
				ENABLE_PREVIEWS = YES;
				GENERATE_INFOPLIST_FILE = YES;
				INFOPLIST_KEY_UIApplicationSceneManifest_Generation = YES;
				INFOPLIST_KEY_UIApplicationSupportsIndirectInputEvents = YES;
				INFOPLIST_KEY_UILaunchScreen_Generation = YES;
				INFOPLIST_KEY_UISupportedInterfaceOrientations_iPad = "UIInterfaceOrientationPortrait UIInterfaceOrientationPortraitUpsideDown UIInterfaceOrientationLandscapeLeft UIInterfaceOrientationLandscapeRight";
				INFOPLIST_KEY_UISupportedInterfaceOrientations_iPhone = "UIInterfaceOrientationPortrait UIInterfaceOrientationLandscapeLeft UIInterfaceOrientationLandscapeRight";
				LD_RUNPATH_SEARCH_PATHS = (
					"$(inherited)",
					"@executable_path/Frameworks",
				);
				MARKETING_VERSION = 1.0;
				PRODUCT_BUNDLE_IDENTIFIER = com.nikitakrapo.birthdaysIOS;
				PRODUCT_NAME = "$(TARGET_NAME)";
				PROVISIONING_PROFILE_SPECIFIER = "";
				SWIFT_EMIT_LOC_STRINGS = YES;
				SWIFT_VERSION = 5.0;
				TARGETED_DEVICE_FAMILY = "1,2";
			};
			name = Debug;
		};
		C2ECCEF82CB4358400526B0D /* Release */ = {
			isa = XCBuildConfiguration;
			buildSettings = {
				ASSETCATALOG_COMPILER_APPICON_NAME = AppIcon;
				ASSETCATALOG_COMPILER_GLOBAL_ACCENT_COLOR_NAME = AccentColor;
				CODE_SIGN_STYLE = Manual;
				CURRENT_PROJECT_VERSION = 1;
				DEVELOPMENT_ASSET_PATHS = "\"birthdaysIOS/Preview Content\"";
				DEVELOPMENT_TEAM = "";
				ENABLE_PREVIEWS = YES;
				GENERATE_INFOPLIST_FILE = YES;
				INFOPLIST_KEY_UIApplicationSceneManifest_Generation = YES;
				INFOPLIST_KEY_UIApplicationSupportsIndirectInputEvents = YES;
				INFOPLIST_KEY_UILaunchScreen_Generation = YES;
				INFOPLIST_KEY_UISupportedInterfaceOrientations_iPad = "UIInterfaceOrientationPortrait UIInterfaceOrientationPortraitUpsideDown UIInterfaceOrientationLandscapeLeft UIInterfaceOrientationLandscapeRight";
				INFOPLIST_KEY_UISupportedInterfaceOrientations_iPhone = "UIInterfaceOrientationPortrait UIInterfaceOrientationLandscapeLeft UIInterfaceOrientationLandscapeRight";
				LD_RUNPATH_SEARCH_PATHS = (
					"$(inherited)",
					"@executable_path/Frameworks",
				);
				MARKETING_VERSION = 1.0;
				PRODUCT_BUNDLE_IDENTIFIER = com.nikitakrapo.birthdaysIOS;
				PRODUCT_NAME = "$(TARGET_NAME)";
				PROVISIONING_PROFILE_SPECIFIER = "";
				SWIFT_EMIT_LOC_STRINGS = YES;
				SWIFT_VERSION = 5.0;
				TARGETED_DEVICE_FAMILY = "1,2";
			};
			name = Release;
		};
		C2ECCEFA2CB4358400526B0D /* Debug */ = {
			isa = XCBuildConfiguration;
			buildSettings = {
				BUNDLE_LOADER = "$(TEST_HOST)";
				CODE_SIGN_STYLE = Automatic;
				CURRENT_PROJECT_VERSION = 1;
				GENERATE_INFOPLIST_FILE = YES;
				IPHONEOS_DEPLOYMENT_TARGET = 18.0;
				MARKETING_VERSION = 1.0;
				PRODUCT_BUNDLE_IDENTIFIER = com.nikitakrapo.birthdaysIOSTests;
				PRODUCT_NAME = "$(TARGET_NAME)";
				SWIFT_EMIT_LOC_STRINGS = NO;
				SWIFT_VERSION = 5.0;
				TARGETED_DEVICE_FAMILY = "1,2";
				TEST_HOST = "$(BUILT_PRODUCTS_DIR)/birthdaysIOS.app/$(BUNDLE_EXECUTABLE_FOLDER_PATH)/birthdaysIOS";
			};
			name = Debug;
		};
		C2ECCEFB2CB4358400526B0D /* Release */ = {
			isa = XCBuildConfiguration;
			buildSettings = {
				BUNDLE_LOADER = "$(TEST_HOST)";
				CODE_SIGN_STYLE = Automatic;
				CURRENT_PROJECT_VERSION = 1;
				GENERATE_INFOPLIST_FILE = YES;
				IPHONEOS_DEPLOYMENT_TARGET = 18.0;
				MARKETING_VERSION = 1.0;
				PRODUCT_BUNDLE_IDENTIFIER = com.nikitakrapo.birthdaysIOSTests;
				PRODUCT_NAME = "$(TARGET_NAME)";
				SWIFT_EMIT_LOC_STRINGS = NO;
				SWIFT_VERSION = 5.0;
				TARGETED_DEVICE_FAMILY = "1,2";
				TEST_HOST = "$(BUILT_PRODUCTS_DIR)/birthdaysIOS.app/$(BUNDLE_EXECUTABLE_FOLDER_PATH)/birthdaysIOS";
			};
			name = Release;
		};
		C2ECCEFD2CB4358400526B0D /* Debug */ = {
			isa = XCBuildConfiguration;
			buildSettings = {
				CODE_SIGN_STYLE = Automatic;
				CURRENT_PROJECT_VERSION = 1;
				GENERATE_INFOPLIST_FILE = YES;
				MARKETING_VERSION = 1.0;
				PRODUCT_BUNDLE_IDENTIFIER = com.nikitakrapo.birthdaysIOSUITests;
				PRODUCT_NAME = "$(TARGET_NAME)";
				SWIFT_EMIT_LOC_STRINGS = NO;
				SWIFT_VERSION = 5.0;
				TARGETED_DEVICE_FAMILY = "1,2";
				TEST_TARGET_NAME = birthdaysIOS;
			};
			name = Debug;
		};
		C2ECCEFE2CB4358400526B0D /* Release */ = {
			isa = XCBuildConfiguration;
			buildSettings = {
				CODE_SIGN_STYLE = Automatic;
				CURRENT_PROJECT_VERSION = 1;
				GENERATE_INFOPLIST_FILE = YES;
				MARKETING_VERSION = 1.0;
				PRODUCT_BUNDLE_IDENTIFIER = com.nikitakrapo.birthdaysIOSUITests;
				PRODUCT_NAME = "$(TARGET_NAME)";
				SWIFT_EMIT_LOC_STRINGS = NO;
				SWIFT_VERSION = 5.0;
				TARGETED_DEVICE_FAMILY = "1,2";
				TEST_TARGET_NAME = birthdaysIOS;
			};
			name = Release;
		};
/* End XCBuildConfiguration section */

/* Begin XCConfigurationList section */
		C2ECCECD2CB4358300526B0D /* Build configuration list for PBXProject "birthdaysIOS" */ = {
			isa = XCConfigurationList;
			buildConfigurations = (
				C2ECCEF42CB4358400526B0D /* Debug */,
				C2ECCEF52CB4358400526B0D /* Release */,
			);
			defaultConfigurationIsVisible = 0;
			defaultConfigurationName = Release;
		};
		C2ECCEF62CB4358400526B0D /* Build configuration list for PBXNativeTarget "birthdaysIOS" */ = {
			isa = XCConfigurationList;
			buildConfigurations = (
				C2ECCEF72CB4358400526B0D /* Debug */,
				C2ECCEF82CB4358400526B0D /* Release */,
			);
			defaultConfigurationIsVisible = 0;
			defaultConfigurationName = Release;
		};
		C2ECCEF92CB4358400526B0D /* Build configuration list for PBXNativeTarget "birthdaysIOSTests" */ = {
			isa = XCConfigurationList;
			buildConfigurations = (
				C2ECCEFA2CB4358400526B0D /* Debug */,
				C2ECCEFB2CB4358400526B0D /* Release */,
			);
			defaultConfigurationIsVisible = 0;
			defaultConfigurationName = Release;
		};
		C2ECCEFC2CB4358400526B0D /* Build configuration list for PBXNativeTarget "birthdaysIOSUITests" */ = {
			isa = XCConfigurationList;
			buildConfigurations = (
				C2ECCEFD2CB4358400526B0D /* Debug */,
				C2ECCEFE2CB4358400526B0D /* Release */,
			);
			defaultConfigurationIsVisible = 0;
			defaultConfigurationName = Release;
		};
/* End XCConfigurationList section */
	};
	rootObject = C2ECCECA2CB4358300526B0D /* Project object */;
}
